
Microsoft Visual Studio Solution File, Format Version 12.00
# Visual Studio 15
VisualStudioVersion = 15.0.27130.2026
MinimumVisualStudioVersion = 10.0.40219.1
Project("{FAE04EC0-301F-11D3-BF4B-00C04F79EFBC}") = "References", "References\References.csproj", "{8EC4451B-04AA-4449-99AC-651F68EE3592}"
EndProject
Project("{FAE04EC0-301F-11D3-BF4B-00C04F79EFBC}") = "OrgModel", "OrgModel\OrgModel.csproj", "{A030AEE5-1F07-4394-8BA7-CDA585F876DE}"
EndProject
Project("{FAE04EC0-301F-11D3-BF4B-00C04F79EFBC}") = "Counterparty", "Counterparty\Counterparty.csproj", "{66520B99-486D-4A8B-B57B-76DF16BBE393}"
EndProject
Project("{FAE04EC0-301F-11D3-BF4B-00C04F79EFBC}") = "Item", "Item\Item.csproj", "{E7C93A08-90F1-41AE-BDC3-D44B4787D5E5}"
EndProject
Project("{FAE04EC0-301F-11D3-BF4B-00C04F79EFBC}") = "Dimensions", "Dimensions\Dimensions.csproj", "{C67856B2-B6F0-426D-A618-F025EDE703C6}"
EndProject
Project("{FAE04EC0-301F-11D3-BF4B-00C04F79EFBC}") = "Currency", "Currency\Currency.csproj", "{F55F958E-3DE2-4ACC-9F3A-2CC5F3D8D71C}"
EndProject
Global
	GlobalSection(SolutionConfigurationPlatforms) = preSolution
		Debug|Any CPU = Debug|Any CPU
		Release|Any CPU = Release|Any CPU
	EndGlobalSection
	GlobalSection(ProjectConfigurationPlatforms) = postSolution
		{8EC4451B-04AA-4449-99AC-651F68EE3592}.Debug|Any CPU.ActiveCfg = Debug|Any CPU
		{8EC4451B-04AA-4449-99AC-651F68EE3592}.Debug|Any CPU.Build.0 = Debug|Any CPU
		{8EC4451B-04AA-4449-99AC-651F68EE3592}.Release|Any CPU.ActiveCfg = Release|Any CPU
		{8EC4451B-04AA-4449-99AC-651F68EE3592}.Release|Any CPU.Build.0 = Release|Any CPU
		{A030AEE5-1F07-4394-8BA7-CDA585F876DE}.Debug|Any CPU.ActiveCfg = Debug|Any CPU
		{A030AEE5-1F07-4394-8BA7-CDA585F876DE}.Debug|Any CPU.Build.0 = Debug|Any CPU
		{A030AEE5-1F07-4394-8BA7-CDA585F876DE}.Release|Any CPU.ActiveCfg = Release|Any CPU
		{A030AEE5-1F07-4394-8BA7-CDA585F876DE}.Release|Any CPU.Build.0 = Release|Any CPU
		{66520B99-486D-4A8B-B57B-76DF16BBE393}.Debug|Any CPU.ActiveCfg = Debug|Any CPU
		{66520B99-486D-4A8B-B57B-76DF16BBE393}.Debug|Any CPU.Build.0 = Debug|Any CPU
		{66520B99-486D-4A8B-B57B-76DF16BBE393}.Release|Any CPU.ActiveCfg = Release|Any CPU
		{66520B99-486D-4A8B-B57B-76DF16BBE393}.Release|Any CPU.Build.0 = Release|Any CPU
		{E7C93A08-90F1-41AE-BDC3-D44B4787D5E5}.Debug|Any CPU.ActiveCfg = Debug|Any CPU
		{E7C93A08-90F1-41AE-BDC3-D44B4787D5E5}.Debug|Any CPU.Build.0 = Debug|Any CPU
		{E7C93A08-90F1-41AE-BDC3-D44B4787D5E5}.Release|Any CPU.ActiveCfg = Release|Any CPU
		{E7C93A08-90F1-41AE-BDC3-D44B4787D5E5}.Release|Any CPU.Build.0 = Release|Any CPU
		{C67856B2-B6F0-426D-A618-F025EDE703C6}.Debug|Any CPU.ActiveCfg = Debug|Any CPU
		{C67856B2-B6F0-426D-A618-F025EDE703C6}.Debug|Any CPU.Build.0 = Debug|Any CPU
		{C67856B2-B6F0-426D-A618-F025EDE703C6}.Release|Any CPU.ActiveCfg = Release|Any CPU
		{C67856B2-B6F0-426D-A618-F025EDE703C6}.Release|Any CPU.Build.0 = Release|Any CPU
		{F55F958E-3DE2-4ACC-9F3A-2CC5F3D8D71C}.Debug|Any CPU.ActiveCfg = Debug|Any CPU
		{F55F958E-3DE2-4ACC-9F3A-2CC5F3D8D71C}.Debug|Any CPU.Build.0 = Debug|Any CPU
		{F55F958E-3DE2-4ACC-9F3A-2CC5F3D8D71C}.Release|Any CPU.ActiveCfg = Release|Any CPU
		{F55F958E-3DE2-4ACC-9F3A-2CC5F3D8D71C}.Release|Any CPU.Build.0 = Release|Any CPU
	EndGlobalSection
	GlobalSection(SolutionProperties) = preSolution
		HideSolutionNode = FALSE
	EndGlobalSection
	GlobalSection(ExtensibilityGlobals) = postSolution
		SolutionGuid = {54443055-11EA-4A3F-B414-4D671BA1B32E}
	EndGlobalSection
EndGlobal
