
Microsoft Visual Studio Solution File, Format Version 12.00
# Visual Studio 15
VisualStudioVersion = 15.0.27703.2035
MinimumVisualStudioVersion = 10.0.40219.1
Project("{FAE04EC0-301F-11D3-BF4B-00C04F79EFBC}") = "Core", "Core\Core.csproj", "{0A7B56E4-3937-4846-9314-8734317DDAE0}"
EndProject
Project("{FAE04EC0-301F-11D3-BF4B-00C04F79EFBC}") = "DTO", "DTO\DTO.csproj", "{EA0AD748-F8B8-4360-995A-C66455139D48}"
EndProject
Project("{FAE04EC0-301F-11D3-BF4B-00C04F79EFBC}") = "GValues", "GValues\GValues.csproj", "{40699DF6-9ECD-4500-896F-CABFFCD761E5}"
EndProject
Global
	GlobalSection(SolutionConfigurationPlatforms) = preSolution
		Debug|Any CPU = Debug|Any CPU
		Release|Any CPU = Release|Any CPU
	EndGlobalSection
	GlobalSection(ProjectConfigurationPlatforms) = postSolution
		{0A7B56E4-3937-4846-9314-8734317DDAE0}.Debug|Any CPU.ActiveCfg = Debug|Any CPU
		{0A7B56E4-3937-4846-9314-8734317DDAE0}.Debug|Any CPU.Build.0 = Debug|Any CPU
		{0A7B56E4-3937-4846-9314-8734317DDAE0}.Release|Any CPU.ActiveCfg = Release|Any CPU
		{0A7B56E4-3937-4846-9314-8734317DDAE0}.Release|Any CPU.Build.0 = Release|Any CPU
		{EA0AD748-F8B8-4360-995A-C66455139D48}.Debug|Any CPU.ActiveCfg = Debug|Any CPU
		{EA0AD748-F8B8-4360-995A-C66455139D48}.Debug|Any CPU.Build.0 = Debug|Any CPU
		{EA0AD748-F8B8-4360-995A-C66455139D48}.Release|Any CPU.ActiveCfg = Release|Any CPU
		{EA0AD748-F8B8-4360-995A-C66455139D48}.Release|Any CPU.Build.0 = Release|Any CPU
		{40699DF6-9ECD-4500-896F-CABFFCD761E5}.Debug|Any CPU.ActiveCfg = Debug|Any CPU
		{40699DF6-9ECD-4500-896F-CABFFCD761E5}.Debug|Any CPU.Build.0 = Debug|Any CPU
		{40699DF6-9ECD-4500-896F-CABFFCD761E5}.Release|Any CPU.ActiveCfg = Release|Any CPU
		{40699DF6-9ECD-4500-896F-CABFFCD761E5}.Release|Any CPU.Build.0 = Release|Any CPU
	EndGlobalSection
	GlobalSection(SolutionProperties) = preSolution
		HideSolutionNode = FALSE
	EndGlobalSection
	GlobalSection(ExtensibilityGlobals) = postSolution
		SolutionGuid = {DE981054-8D40-47E2-A900-22B385315013}
	EndGlobalSection
EndGlobal
